// !$*UTF8*$!
{
	archiveVersion = 1;
	classes = {
	};
	objectVersion = 46;
	objects = {

/* Begin PBXBuildFile section */
		87EDBCE71D79F51200A71D40 /* AppDelegate.swift in Sources */ = {isa = PBXBuildFile; fileRef = 87EDBCE61D79F51200A71D40 /* AppDelegate.swift */; };
		87EDBCE91D79F51200A71D40 /* ViewController.swift in Sources */ = {isa = PBXBuildFile; fileRef = 87EDBCE81D79F51200A71D40 /* ViewController.swift */; };
		87EDBCEC1D79F51200A71D40 /* Main.storyboard in Resources */ = {isa = PBXBuildFile; fileRef = 87EDBCEA1D79F51200A71D40 /* Main.storyboard */; };
		87EDBCEE1D79F51200A71D40 /* Assets.xcassets in Resources */ = {isa = PBXBuildFile; fileRef = 87EDBCED1D79F51200A71D40 /* Assets.xcassets */; };
		87EDBCF11D79F51200A71D40 /* LaunchScreen.storyboard in Resources */ = {isa = PBXBuildFile; fileRef = 87EDBCEF1D79F51200A71D40 /* LaunchScreen.storyboard */; };
		87EDBCFC1D79F51200A71D40 /* SoundPlayerTestTests.swift in Sources */ = {isa = PBXBuildFile; fileRef = 87EDBCFB1D79F51200A71D40 /* SoundPlayerTestTests.swift */; };
		87EDBD071D79F51200A71D40 /* SoundPlayerTestUITests.swift in Sources */ = {isa = PBXBuildFile; fileRef = 87EDBD061D79F51200A71D40 /* SoundPlayerTestUITests.swift */; };
		87EDBD161D79F52500A71D40 /* SoundFileManager.swift in Sources */ = {isa = PBXBuildFile; fileRef = 87EDBD141D79F52500A71D40 /* SoundFileManager.swift */; };
		87EDBD171D79F52500A71D40 /* SoundPlayer.swift in Sources */ = {isa = PBXBuildFile; fileRef = 87EDBD151D79F52500A71D40 /* SoundPlayer.swift */; };
		87EDBD191D79F54000A71D40 /* sound_tapbutton.mp3 in Resources */ = {isa = PBXBuildFile; fileRef = 87EDBD181D79F54000A71D40 /* sound_tapbutton.mp3 */; };
		87EDBD1B1D79F57900A71D40 /* sound_back.mp3 in Resources */ = {isa = PBXBuildFile; fileRef = 87EDBD1A1D79F57900A71D40 /* sound_back.mp3 */; };
		87EDBD1D1D79F58200A71D40 /* sound_err.mp3 in Resources */ = {isa = PBXBuildFile; fileRef = 87EDBD1C1D79F58200A71D40 /* sound_err.mp3 */; };
/* End PBXBuildFile section */

/* Begin PBXContainerItemProxy section */
		87EDBCF81D79F51200A71D40 /* PBXContainerItemProxy */ = {
			isa = PBXContainerItemProxy;
			containerPortal = 87EDBCDB1D79F51200A71D40 /* Project object */;
			proxyType = 1;
			remoteGlobalIDString = 87EDBCE21D79F51200A71D40;
			remoteInfo = SoundPlayerTest;
		};
		87EDBD031D79F51200A71D40 /* PBXContainerItemProxy */ = {
			isa = PBXContainerItemProxy;
			containerPortal = 87EDBCDB1D79F51200A71D40 /* Project object */;
			proxyType = 1;
			remoteGlobalIDString = 87EDBCE21D79F51200A71D40;
			remoteInfo = SoundPlayerTest;
		};
/* End PBXContainerItemProxy section */

/* Begin PBXFileReference section */
		87EDBCE31D79F51200A71D40 /* SoundPlayerTest.app */ = {isa = PBXFileReference; explicitFileType = wrapper.application; includeInIndex = 0; path = SoundPlayerTest.app; sourceTree = BUILT_PRODUCTS_DIR; };
		87EDBCE61D79F51200A71D40 /* AppDelegate.swift */ = {isa = PBXFileReference; lastKnownFileType = sourcecode.swift; path = AppDelegate.swift; sourceTree = "<group>"; };
		87EDBCE81D79F51200A71D40 /* ViewController.swift */ = {isa = PBXFileReference; lastKnownFileType = sourcecode.swift; path = ViewController.swift; sourceTree = "<group>"; };
		87EDBCEB1D79F51200A71D40 /* Base */ = {isa = PBXFileReference; lastKnownFileType = file.storyboard; name = Base; path = Base.lproj/Main.storyboard; sourceTree = "<group>"; };
		87EDBCED1D79F51200A71D40 /* Assets.xcassets */ = {isa = PBXFileReference; lastKnownFileType = folder.assetcatalog; path = Assets.xcassets; sourceTree = "<group>"; };
		87EDBCF01D79F51200A71D40 /* Base */ = {isa = PBXFileReference; lastKnownFileType = file.storyboard; name = Base; path = Base.lproj/LaunchScreen.storyboard; sourceTree = "<group>"; };
		87EDBCF21D79F51200A71D40 /* Info.plist */ = {isa = PBXFileReference; lastKnownFileType = text.plist.xml; path = Info.plist; sourceTree = "<group>"; };
		87EDBCF71D79F51200A71D40 /* SoundPlayerTestTests.xctest */ = {isa = PBXFileReference; explicitFileType = wrapper.cfbundle; includeInIndex = 0; path = SoundPlayerTestTests.xctest; sourceTree = BUILT_PRODUCTS_DIR; };
		87EDBCFB1D79F51200A71D40 /* SoundPlayerTestTests.swift */ = {isa = PBXFileReference; lastKnownFileType = sourcecode.swift; path = SoundPlayerTestTests.swift; sourceTree = "<group>"; };
		87EDBCFD1D79F51200A71D40 /* Info.plist */ = {isa = PBXFileReference; lastKnownFileType = text.plist.xml; path = Info.plist; sourceTree = "<group>"; };
		87EDBD021D79F51200A71D40 /* SoundPlayerTestUITests.xctest */ = {isa = PBXFileReference; explicitFileType = wrapper.cfbundle; includeInIndex = 0; path = SoundPlayerTestUITests.xctest; sourceTree = BUILT_PRODUCTS_DIR; };
		87EDBD061D79F51200A71D40 /* SoundPlayerTestUITests.swift */ = {isa = PBXFileReference; lastKnownFileType = sourcecode.swift; path = SoundPlayerTestUITests.swift; sourceTree = "<group>"; };
		87EDBD081D79F51200A71D40 /* Info.plist */ = {isa = PBXFileReference; lastKnownFileType = text.plist.xml; path = Info.plist; sourceTree = "<group>"; };
		87EDBD141D79F52500A71D40 /* SoundFileManager.swift */ = {isa = PBXFileReference; fileEncoding = 4; lastKnownFileType = sourcecode.swift; path = SoundFileManager.swift; sourceTree = "<group>"; };
		87EDBD151D79F52500A71D40 /* SoundPlayer.swift */ = {isa = PBXFileReference; fileEncoding = 4; lastKnownFileType = sourcecode.swift; path = SoundPlayer.swift; sourceTree = "<group>"; };
		87EDBD181D79F54000A71D40 /* sound_tapbutton.mp3 */ = {isa = PBXFileReference; lastKnownFileType = audio.mp3; path = sound_tapbutton.mp3; sourceTree = "<group>"; };
		87EDBD1A1D79F57900A71D40 /* sound_back.mp3 */ = {isa = PBXFileReference; lastKnownFileType = audio.mp3; path = sound_back.mp3; sourceTree = "<group>"; };
		87EDBD1C1D79F58200A71D40 /* sound_err.mp3 */ = {isa = PBXFileReference; lastKnownFileType = audio.mp3; path = sound_err.mp3; sourceTree = "<group>"; };
/* End PBXFileReference section */

/* Begin PBXFrameworksBuildPhase section */
		87EDBCE01D79F51200A71D40 /* Frameworks */ = {
			isa = PBXFrameworksBuildPhase;
			buildActionMask = 2147483647;
			files = (
			);
			runOnlyForDeploymentPostprocessing = 0;
		};
		87EDBCF41D79F51200A71D40 /* Frameworks */ = {
			isa = PBXFrameworksBuildPhase;
			buildActionMask = 2147483647;
			files = (
			);
			runOnlyForDeploymentPostprocessing = 0;
		};
		87EDBCFF1D79F51200A71D40 /* Frameworks */ = {
			isa = PBXFrameworksBuildPhase;
			buildActionMask = 2147483647;
			files = (
			);
			runOnlyForDeploymentPostprocessing = 0;
		};
/* End PBXFrameworksBuildPhase section */

/* Begin PBXGroup section */
		87EDBCDA1D79F51200A71D40 = {
			isa = PBXGroup;
			children = (
				87EDBCE51D79F51200A71D40 /* SoundPlayerTest */,
				87EDBCFA1D79F51200A71D40 /* SoundPlayerTestTests */,
				87EDBD051D79F51200A71D40 /* SoundPlayerTestUITests */,
				87EDBCE41D79F51200A71D40 /* Products */,
			);
			sourceTree = "<group>";
		};
		87EDBCE41D79F51200A71D40 /* Products */ = {
			isa = PBXGroup;
			children = (
				87EDBCE31D79F51200A71D40 /* SoundPlayerTest.app */,
				87EDBCF71D79F51200A71D40 /* SoundPlayerTestTests.xctest */,
				87EDBD021D79F51200A71D40 /* SoundPlayerTestUITests.xctest */,
			);
			name = Products;
			sourceTree = "<group>";
		};
		87EDBCE51D79F51200A71D40 /* SoundPlayerTest */ = {
			isa = PBXGroup;
			children = (
				87EDBD1E1D79F76D00A71D40 /* sound */,
				87EDBCE61D79F51200A71D40 /* AppDelegate.swift */,
				87EDBCE81D79F51200A71D40 /* ViewController.swift */,
				87EDBCEA1D79F51200A71D40 /* Main.storyboard */,
				87EDBCED1D79F51200A71D40 /* Assets.xcassets */,
				87EDBCEF1D79F51200A71D40 /* LaunchScreen.storyboard */,
				87EDBCF21D79F51200A71D40 /* Info.plist */,
			);
			path = SoundPlayerTest;
			sourceTree = "<group>";
		};
		87EDBCFA1D79F51200A71D40 /* SoundPlayerTestTests */ = {
			isa = PBXGroup;
			children = (
				87EDBCFB1D79F51200A71D40 /* SoundPlayerTestTests.swift */,
				87EDBCFD1D79F51200A71D40 /* Info.plist */,
			);
			path = SoundPlayerTestTests;
			sourceTree = "<group>";
		};
		87EDBD051D79F51200A71D40 /* SoundPlayerTestUITests */ = {
			isa = PBXGroup;
			children = (
				87EDBD061D79F51200A71D40 /* SoundPlayerTestUITests.swift */,
				87EDBD081D79F51200A71D40 /* Info.plist */,
			);
			path = SoundPlayerTestUITests;
			sourceTree = "<group>";
		};
		87EDBD1E1D79F76D00A71D40 /* sound */ = {
			isa = PBXGroup;
			children = (
				87EDBD151D79F52500A71D40 /* SoundPlayer.swift */,
				87EDBD141D79F52500A71D40 /* SoundFileManager.swift */,
				87EDBD1F1D79F78600A71D40 /* file */,
			);
			name = sound;
			sourceTree = "<group>";
		};
		87EDBD1F1D79F78600A71D40 /* file */ = {
			isa = PBXGroup;
			children = (
				87EDBD1C1D79F58200A71D40 /* sound_err.mp3 */,
				87EDBD1A1D79F57900A71D40 /* sound_back.mp3 */,
				87EDBD181D79F54000A71D40 /* sound_tapbutton.mp3 */,
			);
			name = file;
			sourceTree = "<group>";
		};
/* End PBXGroup section */

/* Begin PBXNativeTarget section */
		87EDBCE21D79F51200A71D40 /* SoundPlayerTest */ = {
			isa = PBXNativeTarget;
			buildConfigurationList = 87EDBD0B1D79F51200A71D40 /* Build configuration list for PBXNativeTarget "SoundPlayerTest" */;
			buildPhases = (
				87EDBCDF1D79F51200A71D40 /* Sources */,
				87EDBCE01D79F51200A71D40 /* Frameworks */,
				87EDBCE11D79F51200A71D40 /* Resources */,
			);
			buildRules = (
			);
			dependencies = (
			);
			name = SoundPlayerTest;
			productName = SoundPlayerTest;
			productReference = 87EDBCE31D79F51200A71D40 /* SoundPlayerTest.app */;
			productType = "com.apple.product-type.application";
		};
		87EDBCF61D79F51200A71D40 /* SoundPlayerTestTests */ = {
			isa = PBXNativeTarget;
			buildConfigurationList = 87EDBD0E1D79F51200A71D40 /* Build configuration list for PBXNativeTarget "SoundPlayerTestTests" */;
			buildPhases = (
				87EDBCF31D79F51200A71D40 /* Sources */,
				87EDBCF41D79F51200A71D40 /* Frameworks */,
				87EDBCF51D79F51200A71D40 /* Resources */,
			);
			buildRules = (
			);
			dependencies = (
				87EDBCF91D79F51200A71D40 /* PBXTargetDependency */,
			);
			name = SoundPlayerTestTests;
			productName = SoundPlayerTestTests;
			productReference = 87EDBCF71D79F51200A71D40 /* SoundPlayerTestTests.xctest */;
			productType = "com.apple.product-type.bundle.unit-test";
		};
		87EDBD011D79F51200A71D40 /* SoundPlayerTestUITests */ = {
			isa = PBXNativeTarget;
			buildConfigurationList = 87EDBD111D79F51200A71D40 /* Build configuration list for PBXNativeTarget "SoundPlayerTestUITests" */;
			buildPhases = (
				87EDBCFE1D79F51200A71D40 /* Sources */,
				87EDBCFF1D79F51200A71D40 /* Frameworks */,
				87EDBD001D79F51200A71D40 /* Resources */,
			);
			buildRules = (
			);
			dependencies = (
				87EDBD041D79F51200A71D40 /* PBXTargetDependency */,
			);
			name = SoundPlayerTestUITests;
			productName = SoundPlayerTestUITests;
			productReference = 87EDBD021D79F51200A71D40 /* SoundPlayerTestUITests.xctest */;
			productType = "com.apple.product-type.bundle.ui-testing";
		};
/* End PBXNativeTarget section */

/* Begin PBXProject section */
		87EDBCDB1D79F51200A71D40 /* Project object */ = {
			isa = PBXProject;
			attributes = {
				LastSwiftUpdateCheck = 0730;
				LastUpgradeCheck = 0730;
				ORGANIZATIONNAME = hideyuki;
				TargetAttributes = {
					87EDBCE21D79F51200A71D40 = {
						CreatedOnToolsVersion = 7.3.1;
					};
					87EDBCF61D79F51200A71D40 = {
						CreatedOnToolsVersion = 7.3.1;
						TestTargetID = 87EDBCE21D79F51200A71D40;
					};
					87EDBD011D79F51200A71D40 = {
						CreatedOnToolsVersion = 7.3.1;
						TestTargetID = 87EDBCE21D79F51200A71D40;
					};
				};
			};
			buildConfigurationList = 87EDBCDE1D79F51200A71D40 /* Build configuration list for PBXProject "SoundPlayerTest" */;
			compatibilityVersion = "Xcode 3.2";
			developmentRegion = English;
			hasScannedForEncodings = 0;
			knownRegions = (
				en,
				Base,
			);
			mainGroup = 87EDBCDA1D79F51200A71D40;
			productRefGroup = 87EDBCE41D79F51200A71D40 /* Products */;
			projectDirPath = "";
			projectRoot = "";
			targets = (
				87EDBCE21D79F51200A71D40 /* SoundPlayerTest */,
				87EDBCF61D79F51200A71D40 /* SoundPlayerTestTests */,
				87EDBD011D79F51200A71D40 /* SoundPlayerTestUITests */,
			);
		};
/* End PBXProject section */

/* Begin PBXResourcesBuildPhase section */
		87EDBCE11D79F51200A71D40 /* Resources */ = {
			isa = PBXResourcesBuildPhase;
			buildActionMask = 2147483647;
			files = (
				87EDBCF11D79F51200A71D40 /* LaunchScreen.storyboard in Resources */,
				87EDBCEE1D79F51200A71D40 /* Assets.xcassets in Resources */,
				87EDBD191D79F54000A71D40 /* sound_tapbutton.mp3 in Resources */,
				87EDBD1B1D79F57900A71D40 /* sound_back.mp3 in Resources */,
				87EDBD1D1D79F58200A71D40 /* sound_err.mp3 in Resources */,
				87EDBCEC1D79F51200A71D40 /* Main.storyboard in Resources */,
			);
			runOnlyForDeploymentPostprocessing = 0;
		};
		87EDBCF51D79F51200A71D40 /* Resources */ = {
			isa = PBXResourcesBuildPhase;
			buildActionMask = 2147483647;
			files = (
			);
			runOnlyForDeploymentPostprocessing = 0;
		};
		87EDBD001D79F51200A71D40 /* Resources */ = {
			isa = PBXResourcesBuildPhase;
			buildActionMask = 2147483647;
			files = (
			);
			runOnlyForDeploymentPostprocessing = 0;
		};
/* End PBXResourcesBuildPhase section */

/* Begin PBXSourcesBuildPhase section */
		87EDBCDF1D79F51200A71D40 /* Sources */ = {
			isa = PBXSourcesBuildPhase;
			buildActionMask = 2147483647;
			files = (
				87EDBCE91D79F51200A71D40 /* ViewController.swift in Sources */,
				87EDBD161D79F52500A71D40 /* SoundFileManager.swift in Sources */,
				87EDBD171D79F52500A71D40 /* SoundPlayer.swift in Sources */,
				87EDBCE71D79F51200A71D40 /* AppDelegate.swift in Sources */,
			);
			runOnlyForDeploymentPostprocessing = 0;
		};
		87EDBCF31D79F51200A71D40 /* Sources */ = {
			isa = PBXSourcesBuildPhase;
			buildActionMask = 2147483647;
			files = (
				87EDBCFC1D79F51200A71D40 /* SoundPlayerTestTests.swift in Sources */,
			);
			runOnlyForDeploymentPostprocessing = 0;
		};
		87EDBCFE1D79F51200A71D40 /* Sources */ = {
			isa = PBXSourcesBuildPhase;
			buildActionMask = 2147483647;
			files = (
				87EDBD071D79F51200A71D40 /* SoundPlayerTestUITests.swift in Sources */,
			);
			runOnlyForDeploymentPostprocessing = 0;
		};
/* End PBXSourcesBuildPhase section */

/* Begin PBXTargetDependency section */
		87EDBCF91D79F51200A71D40 /* PBXTargetDependency */ = {
			isa = PBXTargetDependency;
			target = 87EDBCE21D79F51200A71D40 /* SoundPlayerTest */;
			targetProxy = 87EDBCF81D79F51200A71D40 /* PBXContainerItemProxy */;
		};
		87EDBD041D79F51200A71D40 /* PBXTargetDependency */ = {
			isa = PBXTargetDependency;
			target = 87EDBCE21D79F51200A71D40 /* SoundPlayerTest */;
			targetProxy = 87EDBD031D79F51200A71D40 /* PBXContainerItemProxy */;
		};
/* End PBXTargetDependency section */

/* Begin PBXVariantGroup section */
		87EDBCEA1D79F51200A71D40 /* Main.storyboard */ = {
			isa = PBXVariantGroup;
			children = (
				87EDBCEB1D79F51200A71D40 /* Base */,
			);
			name = Main.storyboard;
			sourceTree = "<group>";
		};
		87EDBCEF1D79F51200A71D40 /* LaunchScreen.storyboard */ = {
			isa = PBXVariantGroup;
			children = (
				87EDBCF01D79F51200A71D40 /* Base */,
			);
			name = LaunchScreen.storyboard;
			sourceTree = "<group>";
		};
/* End PBXVariantGroup section */

/* Begin XCBuildConfiguration section */
		87EDBD091D79F51200A71D40 /* Debug */ = {
			isa = XCBuildConfiguration;
			buildSettings = {
				ALWAYS_SEARCH_USER_PATHS = NO;
				CLANG_ANALYZER_NONNULL = YES;
				CLANG_CXX_LANGUAGE_STANDARD = "gnu++0x";
				CLANG_CXX_LIBRARY = "libc++";
				CLANG_ENABLE_MODULES = YES;
				CLANG_ENABLE_OBJC_ARC = YES;
				CLANG_WARN_BOOL_CONVERSION = YES;
				CLANG_WARN_CONSTANT_CONVERSION = YES;
				CLANG_WARN_DIRECT_OBJC_ISA_USAGE = YES_ERROR;
				CLANG_WARN_EMPTY_BODY = YES;
				CLANG_WARN_ENUM_CONVERSION = YES;
				CLANG_WARN_INT_CONVERSION = YES;
				CLANG_WARN_OBJC_ROOT_CLASS = YES_ERROR;
				CLANG_WARN_UNREACHABLE_CODE = YES;
				CLANG_WARN__DUPLICATE_METHOD_MATCH = YES;
				"CODE_SIGN_IDENTITY[sdk=iphoneos*]" = "iPhone Developer";
				COPY_PHASE_STRIP = NO;
				DEBUG_INFORMATION_FORMAT = dwarf;
				ENABLE_STRICT_OBJC_MSGSEND = YES;
				ENABLE_TESTABILITY = YES;
				GCC_C_LANGUAGE_STANDARD = gnu99;
				GCC_DYNAMIC_NO_PIC = NO;
				GCC_NO_COMMON_BLOCKS = YES;
				GCC_OPTIMIZATION_LEVEL = 0;
				GCC_PREPROCESSOR_DEFINITIONS = (
					"DEBUG=1",
					"$(inherited)",
				);
				GCC_WARN_64_TO_32_BIT_CONVERSION = YES;
				GCC_WARN_ABOUT_RETURN_TYPE = YES_ERROR;
				GCC_WARN_UNDECLARED_SELECTOR = YES;
				GCC_WARN_UNINITIALIZED_AUTOS = YES_AGGRESSIVE;
				GCC_WARN_UNUSED_FUNCTION = YES;
				GCC_WARN_UNUSED_VARIABLE = YES;
				IPHONEOS_DEPLOYMENT_TARGET = 9.3;
				MTL_ENABLE_DEBUG_INFO = YES;
				ONLY_ACTIVE_ARCH = YES;
				SDKROOT = iphoneos;
				SWIFT_OPTIMIZATION_LEVEL = "-Onone";
				TARGETED_DEVICE_FAMILY = "1,2";
			};
			name = Debug;
		};
		87EDBD0A1D79F51200A71D40 /* Release */ = {
			isa = XCBuildConfiguration;
			buildSettings = {
				ALWAYS_SEARCH_USER_PATHS = NO;
				CLANG_ANALYZER_NONNULL = YES;
				CLANG_CXX_LANGUAGE_STANDARD = "gnu++0x";
				CLANG_CXX_LIBRARY = "libc++";
				CLANG_ENABLE_MODULES = YES;
				CLANG_ENABLE_OBJC_ARC = YES;
				CLANG_WARN_BOOL_CONVERSION = YES;
				CLANG_WARN_CONSTANT_CONVERSION = YES;
				CLANG_WARN_DIRECT_OBJC_ISA_USAGE = YES_ERROR;
				CLANG_WARN_EMPTY_BODY = YES;
				CLANG_WARN_ENUM_CONVERSION = YES;
				CLANG_WARN_INT_CONVERSION = YES;
				CLANG_WARN_OBJC_ROOT_CLASS = YES_ERROR;
				CLANG_WARN_UNREACHABLE_CODE = YES;
				CLANG_WARN__DUPLICATE_METHOD_MATCH = YES;
				"CODE_SIGN_IDENTITY[sdk=iphoneos*]" = "iPhone Developer";
				COPY_PHASE_STRIP = NO;
				DEBUG_INFORMATION_FORMAT = "dwarf-with-dsym";
				ENABLE_NS_ASSERTIONS = NO;
				ENABLE_STRICT_OBJC_MSGSEND = YES;
				GCC_C_LANGUAGE_STANDARD = gnu99;
				GCC_NO_COMMON_BLOCKS = YES;
				GCC_WARN_64_TO_32_BIT_CONVERSION = YES;
				GCC_WARN_ABOUT_RETURN_TYPE = YES_ERROR;
				GCC_WARN_UNDECLARED_SELECTOR = YES;
				GCC_WARN_UNINITIALIZED_AUTOS = YES_AGGRESSIVE;
				GCC_WARN_UNUSED_FUNCTION = YES;
				GCC_WARN_UNUSED_VARIABLE = YES;
				IPHONEOS_DEPLOYMENT_TARGET = 9.3;
				MTL_ENABLE_DEBUG_INFO = NO;
				SDKROOT = iphoneos;
				TARGETED_DEVICE_FAMILY = "1,2";
				VALIDATE_PRODUCT = YES;
			};
			name = Release;
		};
		87EDBD0C1D79F51200A71D40 /* Debug */ = {
			isa = XCBuildConfiguration;
			buildSettings = {
				ASSETCATALOG_COMPILER_APPICON_NAME = AppIcon;
				INFOPLIST_FILE = SoundPlayerTest/Info.plist;
				LD_RUNPATH_SEARCH_PATHS = "$(inherited) @executable_path/Frameworks";
				PRODUCT_BUNDLE_IDENTIFIER = hideyuki.okuni.SoundPlayerTest;
				PRODUCT_NAME = "$(TARGET_NAME)";
			};
			name = Debug;
		};
		87EDBD0D1D79F51200A71D40 /* Release */ = {
			isa = XCBuildConfiguration;
			buildSettings = {
				ASSETCATALOG_COMPILER_APPICON_NAME = AppIcon;
				INFOPLIST_FILE = SoundPlayerTest/Info.plist;
				LD_RUNPATH_SEARCH_PATHS = "$(inherited) @executable_path/Frameworks";
				PRODUCT_BUNDLE_IDENTIFIER = hideyuki.okuni.SoundPlayerTest;
				PRODUCT_NAME = "$(TARGET_NAME)";
			};
			name = Release;
		};
		87EDBD0F1D79F51200A71D40 /* Debug */ = {
			isa = XCBuildConfiguration;
			buildSettings = {
				BUNDLE_LOADER = "$(TEST_HOST)";
				INFOPLIST_FILE = SoundPlayerTestTests/Info.plist;
				LD_RUNPATH_SEARCH_PATHS = "$(inherited) @executable_path/Frameworks @loader_path/Frameworks";
				PRODUCT_BUNDLE_IDENTIFIER = hideyuki.okuni.SoundPlayerTestTests;
				PRODUCT_NAME = "$(TARGET_NAME)";
				TEST_HOST = "$(BUILT_PRODUCTS_DIR)/SoundPlayerTest.app/SoundPlayerTest";
			};
			name = Debug;
		};
		87EDBD101D79F51200A71D40 /* Release */ = {
			isa = XCBuildConfiguration;
			buildSettings = {
				BUNDLE_LOADER = "$(TEST_HOST)";
				INFOPLIST_FILE = SoundPlayerTestTests/Info.plist;
				LD_RUNPATH_SEARCH_PATHS = "$(inherited) @executable_path/Frameworks @loader_path/Frameworks";
				PRODUCT_BUNDLE_IDENTIFIER = hideyuki.okuni.SoundPlayerTestTests;
				PRODUCT_NAME = "$(TARGET_NAME)";
				TEST_HOST = "$(BUILT_PRODUCTS_DIR)/SoundPlayerTest.app/SoundPlayerTest";
			};
			name = Release;
		};
		87EDBD121D79F51200A71D40 /* Debug */ = {
			isa = XCBuildConfiguration;
			buildSettings = {
				INFOPLIST_FILE = SoundPlayerTestUITests/Info.plist;
				LD_RUNPATH_SEARCH_PATHS = "$(inherited) @executable_path/Frameworks @loader_path/Frameworks";
				PRODUCT_BUNDLE_IDENTIFIER = hideyuki.okuni.SoundPlayerTestUITests;
				PRODUCT_NAME = "$(TARGET_NAME)";
				TEST_TARGET_NAME = SoundPlayerTest;
			};
			name = Debug;
		};
		87EDBD131D79F51200A71D40 /* Release */ = {
			isa = XCBuildConfiguration;
			buildSettings = {
				INFOPLIST_FILE = SoundPlayerTestUITests/Info.plist;
				LD_RUNPATH_SEARCH_PATHS = "$(inherited) @executable_path/Frameworks @loader_path/Frameworks";
				PRODUCT_BUNDLE_IDENTIFIER = hideyuki.okuni.SoundPlayerTestUITests;
				PRODUCT_NAME = "$(TARGET_NAME)";
				TEST_TARGET_NAME = SoundPlayerTest;
			};
			name = Release;
		};
/* End XCBuildConfiguration section */

/* Begin XCConfigurationList section */
		87EDBCDE1D79F51200A71D40 /* Build configuration list for PBXProject "SoundPlayerTest" */ = {
			isa = XCConfigurationList;
			buildConfigurations = (
				87EDBD091D79F51200A71D40 /* Debug */,
				87EDBD0A1D79F51200A71D40 /* Release */,
			);
			defaultConfigurationIsVisible = 0;
			defaultConfigurationName = Release;
		};
		87EDBD0B1D79F51200A71D40 /* Build configuration list for PBXNativeTarget "SoundPlayerTest" */ = {
			isa = XCConfigurationList;
			buildConfigurations = (
				87EDBD0C1D79F51200A71D40 /* Debug */,
				87EDBD0D1D79F51200A71D40 /* Release */,
			);
			defaultConfigurationIsVisible = 0;
		};
		87EDBD0E1D79F51200A71D40 /* Build configuration list for PBXNativeTarget "SoundPlayerTestTests" */ = {
			isa = XCConfigurationList;
			buildConfigurations = (
				87EDBD0F1D79F51200A71D40 /* Debug */,
				87EDBD101D79F51200A71D40 /* Release */,
			);
			defaultConfigurationIsVisible = 0;
		};
		87EDBD111D79F51200A71D40 /* Build configuration list for PBXNativeTarget "SoundPlayerTestUITests" */ = {
			isa = XCConfigurationList;
			buildConfigurations = (
				87EDBD121D79F51200A71D40 /* Debug */,
				87EDBD131D79F51200A71D40 /* Release */,
			);
			defaultConfigurationIsVisible = 0;
		};
/* End XCConfigurationList section */
	};
	rootObject = 87EDBCDB1D79F51200A71D40 /* Project object */;
}
